// !$*UTF8*$!
{
	archiveVersion = 1;
	classes = {
	};
	objectVersion = 48;
	objects = {

/* Begin PBXBuildFile section */
		7B3A8870207702030043D225 /* Item.swift in Sources */ = {isa = PBXBuildFile; fileRef = 7B3A886F207702030043D225 /* Item.swift */; };
		7B3A887320773DF30043D225 /* Defaults-Landscape.png in Resources */ = {isa = PBXBuildFile; fileRef = 7B3A887220773DF30043D225 /* Defaults-Landscape.png */; };
		7B43F16F207B06F300999B77 /* arrow.png in Resources */ = {isa = PBXBuildFile; fileRef = 7B43F16E207B06F300999B77 /* arrow.png */; };
		7B43F172207B36DB00999B77 /* UIColor+Utils.swift in Sources */ = {isa = PBXBuildFile; fileRef = 7B43F171207B36DB00999B77 /* UIColor+Utils.swift */; };
		7B5148D12075B42A00CB5706 /* AppDelegate.swift in Sources */ = {isa = PBXBuildFile; fileRef = 7B5148D02075B42A00CB5706 /* AppDelegate.swift */; };
		7B5148D32075B42A00CB5706 /* CategoryViewController.swift in Sources */ = {isa = PBXBuildFile; fileRef = 7B5148D22075B42A00CB5706 /* CategoryViewController.swift */; };
		7B5148D62075B42A00CB5706 /* Main.storyboard in Resources */ = {isa = PBXBuildFile; fileRef = 7B5148D42075B42A00CB5706 /* Main.storyboard */; };
		7B5148D82075B42A00CB5706 /* Assets.xcassets in Resources */ = {isa = PBXBuildFile; fileRef = 7B5148D72075B42A00CB5706 /* Assets.xcassets */; };
		7B5148DB2075B42A00CB5706 /* LaunchScreen.storyboard in Resources */ = {isa = PBXBuildFile; fileRef = 7B5148D92075B42A00CB5706 /* LaunchScreen.storyboard */; };
		7B59BF5F207C41950053584C /* AdSettings.swift in Sources */ = {isa = PBXBuildFile; fileRef = 7B59BF5E207C41950053584C /* AdSettings.swift */; };
		7B59BF61207C41B10053584C /* ColorSettings.swift in Sources */ = {isa = PBXBuildFile; fileRef = 7B59BF60207C41B10053584C /* ColorSettings.swift */; };
		7BEFEC59207607B1006098ED /* CategoryCell.swift in Sources */ = {isa = PBXBuildFile; fileRef = 7BEFEC58207607B1006098ED /* CategoryCell.swift */; };
		7BEFEC5B2076098C006098ED /* ContentCell.swift in Sources */ = {isa = PBXBuildFile; fileRef = 7BEFEC5A2076098C006098ED /* ContentCell.swift */; };
		7BEFEC5E20761E6D006098ED /* ContentViewController.swift in Sources */ = {isa = PBXBuildFile; fileRef = 7BEFEC5D20761E6D006098ED /* ContentViewController.swift */; };
		CBCFE4EC5D116D7E20C49383 /* Pods_simpleCounter.framework in Frameworks */ = {isa = PBXBuildFile; fileRef = 05467A27C0B4F3A58961C63C /* Pods_simpleCounter.framework */; };
/* End PBXBuildFile section */

/* Begin PBXFileReference section */
		05467A27C0B4F3A58961C63C /* Pods_simpleCounter.framework */ = {isa = PBXFileReference; explicitFileType = wrapper.framework; includeInIndex = 0; path = Pods_simpleCounter.framework; sourceTree = BUILT_PRODUCTS_DIR; };
		7B3A886F207702030043D225 /* Item.swift */ = {isa = PBXFileReference; lastKnownFileType = sourcecode.swift; path = Item.swift; sourceTree = "<group>"; };
		7B3A887220773DF30043D225 /* Defaults-Landscape.png */ = {isa = PBXFileReference; lastKnownFileType = image.png; path = "Defaults-Landscape.png"; sourceTree = "<group>"; };
		7B43F16E207B06F300999B77 /* arrow.png */ = {isa = PBXFileReference; lastKnownFileType = image.png; path = arrow.png; sourceTree = "<group>"; };
		7B43F171207B36DB00999B77 /* UIColor+Utils.swift */ = {isa = PBXFileReference; lastKnownFileType = sourcecode.swift; path = "UIColor+Utils.swift"; sourceTree = "<group>"; };
		7B5148CD2075B42A00CB5706 /* simpleCounter.app */ = {isa = PBXFileReference; explicitFileType = wrapper.application; includeInIndex = 0; path = simpleCounter.app; sourceTree = BUILT_PRODUCTS_DIR; };
		7B5148D02075B42A00CB5706 /* AppDelegate.swift */ = {isa = PBXFileReference; lastKnownFileType = sourcecode.swift; path = AppDelegate.swift; sourceTree = "<group>"; };
		7B5148D22075B42A00CB5706 /* CategoryViewController.swift */ = {isa = PBXFileReference; lastKnownFileType = sourcecode.swift; path = CategoryViewController.swift; sourceTree = "<group>"; };
		7B5148D52075B42A00CB5706 /* Base */ = {isa = PBXFileReference; lastKnownFileType = file.storyboard; name = Base; path = Base.lproj/Main.storyboard; sourceTree = "<group>"; };
		7B5148D72075B42A00CB5706 /* Assets.xcassets */ = {isa = PBXFileReference; lastKnownFileType = folder.assetcatalog; path = Assets.xcassets; sourceTree = "<group>"; };
		7B5148DA2075B42A00CB5706 /* Base */ = {isa = PBXFileReference; lastKnownFileType = file.storyboard; name = Base; path = Base.lproj/LaunchScreen.storyboard; sourceTree = "<group>"; };
		7B5148DC2075B42A00CB5706 /* Info.plist */ = {isa = PBXFileReference; lastKnownFileType = text.plist.xml; path = Info.plist; sourceTree = "<group>"; };
		7B59BF5E207C41950053584C /* AdSettings.swift */ = {isa = PBXFileReference; lastKnownFileType = sourcecode.swift; path = AdSettings.swift; sourceTree = "<group>"; };
		7B59BF60207C41B10053584C /* ColorSettings.swift */ = {isa = PBXFileReference; lastKnownFileType = sourcecode.swift; path = ColorSettings.swift; sourceTree = "<group>"; };
		7BEFEC58207607B1006098ED /* CategoryCell.swift */ = {isa = PBXFileReference; lastKnownFileType = sourcecode.swift; path = CategoryCell.swift; sourceTree = "<group>"; };
		7BEFEC5A2076098C006098ED /* ContentCell.swift */ = {isa = PBXFileReference; lastKnownFileType = sourcecode.swift; path = ContentCell.swift; sourceTree = "<group>"; };
		7BEFEC5D20761E6D006098ED /* ContentViewController.swift */ = {isa = PBXFileReference; lastKnownFileType = sourcecode.swift; path = ContentViewController.swift; sourceTree = "<group>"; };
		CADF92D03050A6D294FA9571 /* Pods-simpleCounter.release.xcconfig */ = {isa = PBXFileReference; includeInIndex = 1; lastKnownFileType = text.xcconfig; name = "Pods-simpleCounter.release.xcconfig"; path = "Pods/Target Support Files/Pods-simpleCounter/Pods-simpleCounter.release.xcconfig"; sourceTree = "<group>"; };
		DD455586C7BA6D9A6D14B5CE /* Pods-simpleCounter.debug.xcconfig */ = {isa = PBXFileReference; includeInIndex = 1; lastKnownFileType = text.xcconfig; name = "Pods-simpleCounter.debug.xcconfig"; path = "Pods/Target Support Files/Pods-simpleCounter/Pods-simpleCounter.debug.xcconfig"; sourceTree = "<group>"; };
/* End PBXFileReference section */

/* Begin PBXFrameworksBuildPhase section */
		7B5148CA2075B42A00CB5706 /* Frameworks */ = {
			isa = PBXFrameworksBuildPhase;
			buildActionMask = 2147483647;
			files = (
				CBCFE4EC5D116D7E20C49383 /* Pods_simpleCounter.framework in Frameworks */,
			);
			runOnlyForDeploymentPostprocessing = 0;
		};
/* End PBXFrameworksBuildPhase section */

/* Begin PBXGroup section */
		4E252E9E96301C1CF91FB519 /* Pods */ = {
			isa = PBXGroup;
			children = (
				DD455586C7BA6D9A6D14B5CE /* Pods-simpleCounter.debug.xcconfig */,
				CADF92D03050A6D294FA9571 /* Pods-simpleCounter.release.xcconfig */,
			);
			name = Pods;
			sourceTree = "<group>";
		};
		55FB9394B61FBBF456BB3B15 /* Frameworks */ = {
			isa = PBXGroup;
			children = (
				05467A27C0B4F3A58961C63C /* Pods_simpleCounter.framework */,
			);
			name = Frameworks;
			sourceTree = "<group>";
		};
		7B3A887120773DE30043D225 /* Resources */ = {
			isa = PBXGroup;
			children = (
				7B3A887220773DF30043D225 /* Defaults-Landscape.png */,
				7B43F16E207B06F300999B77 /* arrow.png */,
			);
			path = Resources;
			sourceTree = "<group>";
		};
		7B43F170207B36AA00999B77 /* Extension */ = {
			isa = PBXGroup;
			children = (
				7B43F171207B36DB00999B77 /* UIColor+Utils.swift */,
			);
			path = Extension;
			sourceTree = "<group>";
		};
		7B5148C42075B42A00CB5706 = {
			isa = PBXGroup;
			children = (
				7B5148CF2075B42A00CB5706 /* simpleCounter */,
				7B5148CE2075B42A00CB5706 /* Products */,
				4E252E9E96301C1CF91FB519 /* Pods */,
				55FB9394B61FBBF456BB3B15 /* Frameworks */,
			);
			sourceTree = "<group>";
		};
		7B5148CE2075B42A00CB5706 /* Products */ = {
			isa = PBXGroup;
			children = (
				7B5148CD2075B42A00CB5706 /* simpleCounter.app */,
			);
			name = Products;
			sourceTree = "<group>";
		};
		7B5148CF2075B42A00CB5706 /* simpleCounter */ = {
			isa = PBXGroup;
			children = (
				7B3A887120773DE30043D225 /* Resources */,
				7BEFEC5C20761C2E006098ED /* Classes */,
				7B5148D42075B42A00CB5706 /* Main.storyboard */,
				7B5148D72075B42A00CB5706 /* Assets.xcassets */,
				7B5148D92075B42A00CB5706 /* LaunchScreen.storyboard */,
				7B5148DC2075B42A00CB5706 /* Info.plist */,
			);
			path = simpleCounter;
			sourceTree = "<group>";
		};
		7B59BF5D207C41880053584C /* Constant */ = {
			isa = PBXGroup;
			children = (
				7B59BF5E207C41950053584C /* AdSettings.swift */,
				7B59BF60207C41B10053584C /* ColorSettings.swift */,
			);
			path = Constant;
			sourceTree = "<group>";
		};
		7BEFEC57207607A5006098ED /* Cell */ = {
			isa = PBXGroup;
			children = (
				7BEFEC58207607B1006098ED /* CategoryCell.swift */,
				7BEFEC5A2076098C006098ED /* ContentCell.swift */,
			);
			path = Cell;
			sourceTree = "<group>";
		};
		7BEFEC5C20761C2E006098ED /* Classes */ = {
			isa = PBXGroup;
			children = (
				7B59BF5D207C41880053584C /* Constant */,
				7B43F170207B36AA00999B77 /* Extension */,
				7B5148D22075B42A00CB5706 /* CategoryViewController.swift */,
				7B5148D02075B42A00CB5706 /* AppDelegate.swift */,
				7BEFEC5D20761E6D006098ED /* ContentViewController.swift */,
				7BEFEC57207607A5006098ED /* Cell */,
				7B3A886F207702030043D225 /* Item.swift */,
			);
			path = Classes;
			sourceTree = "<group>";
		};
/* End PBXGroup section */

/* Begin PBXNativeTarget section */
		7B5148CC2075B42A00CB5706 /* simpleCounter */ = {
			isa = PBXNativeTarget;
			buildConfigurationList = 7B5148DF2075B42A00CB5706 /* Build configuration list for PBXNativeTarget "simpleCounter" */;
			buildPhases = (
				DA17F202CF774B253EE63398 /* [CP] Check Pods Manifest.lock */,
				7B5148C92075B42A00CB5706 /* Sources */,
				7B5148CA2075B42A00CB5706 /* Frameworks */,
				7B5148CB2075B42A00CB5706 /* Resources */,
				88BB3A2012D05325D31C1C2F /* [CP] Embed Pods Frameworks */,
				65F1867844409F0BF547CA9C /* [CP] Copy Pods Resources */,
			);
			buildRules = (
			);
			dependencies = (
			);
			name = simpleCounter;
			productName = simpleCounter;
			productReference = 7B5148CD2075B42A00CB5706 /* simpleCounter.app */;
			productType = "com.apple.product-type.application";
		};
/* End PBXNativeTarget section */

/* Begin PBXProject section */
		7B5148C52075B42A00CB5706 /* Project object */ = {
			isa = PBXProject;
			attributes = {
				LastSwiftUpdateCheck = 0920;
				LastUpgradeCheck = 0920;
				ORGANIZATIONNAME = masapp;
				TargetAttributes = {
					7B5148CC2075B42A00CB5706 = {
						CreatedOnToolsVersion = 9.2;
						ProvisioningStyle = Manual;
					};
				};
			};
			buildConfigurationList = 7B5148C82075B42A00CB5706 /* Build configuration list for PBXProject "simpleCounter" */;
			compatibilityVersion = "Xcode 8.0";
			developmentRegion = en;
			hasScannedForEncodings = 0;
			knownRegions = (
				en,
				Base,
			);
			mainGroup = 7B5148C42075B42A00CB5706;
			productRefGroup = 7B5148CE2075B42A00CB5706 /* Products */;
			projectDirPath = "";
			projectRoot = "";
			targets = (
				7B5148CC2075B42A00CB5706 /* simpleCounter */,
			);
		};
/* End PBXProject section */

/* Begin PBXResourcesBuildPhase section */
		7B5148CB2075B42A00CB5706 /* Resources */ = {
			isa = PBXResourcesBuildPhase;
			buildActionMask = 2147483647;
			files = (
				7B5148DB2075B42A00CB5706 /* LaunchScreen.storyboard in Resources */,
				7B3A887320773DF30043D225 /* Defaults-Landscape.png in Resources */,
				7B5148D82075B42A00CB5706 /* Assets.xcassets in Resources */,
				7B43F16F207B06F300999B77 /* arrow.png in Resources */,
				7B5148D62075B42A00CB5706 /* Main.storyboard in Resources */,
			);
			runOnlyForDeploymentPostprocessing = 0;
		};
/* End PBXResourcesBuildPhase section */

/* Begin PBXShellScriptBuildPhase section */
		65F1867844409F0BF547CA9C /* [CP] Copy Pods Resources */ = {
			isa = PBXShellScriptBuildPhase;
			buildActionMask = 2147483647;
			files = (
			);
			inputPaths = (
			);
			name = "[CP] Copy Pods Resources";
			outputPaths = (
			);
			runOnlyForDeploymentPostprocessing = 0;
			shellPath = /bin/sh;
			shellScript = "\"${SRCROOT}/Pods/Target Support Files/Pods-simpleCounter/Pods-simpleCounter-resources.sh\"\n";
			showEnvVarsInLog = 0;
		};
		88BB3A2012D05325D31C1C2F /* [CP] Embed Pods Frameworks */ = {
			isa = PBXShellScriptBuildPhase;
			buildActionMask = 2147483647;
			files = (
			);
			inputPaths = (
			);
			name = "[CP] Embed Pods Frameworks";
			outputPaths = (
			);
			runOnlyForDeploymentPostprocessing = 0;
			shellPath = /bin/sh;
			shellScript = "\"${SRCROOT}/Pods/Target Support Files/Pods-simpleCounter/Pods-simpleCounter-frameworks.sh\"\n";
			showEnvVarsInLog = 0;
		};
		DA17F202CF774B253EE63398 /* [CP] Check Pods Manifest.lock */ = {
			isa = PBXShellScriptBuildPhase;
			buildActionMask = 2147483647;
			files = (
			);
			inputPaths = (
			);
			name = "[CP] Check Pods Manifest.lock";
			outputPaths = (
			);
			runOnlyForDeploymentPostprocessing = 0;
			shellPath = /bin/sh;
			shellScript = "diff \"${PODS_PODFILE_DIR_PATH}/Podfile.lock\" \"${PODS_ROOT}/Manifest.lock\" > /dev/null\nif [ $? != 0 ] ; then\n    # print error to STDERR\n    echo \"error: The sandbox is not in sync with the Podfile.lock. Run 'pod install' or update your CocoaPods installation.\" >&2\n    exit 1\nfi\n";
			showEnvVarsInLog = 0;
		};
/* End PBXShellScriptBuildPhase section */

/* Begin PBXSourcesBuildPhase section */
		7B5148C92075B42A00CB5706 /* Sources */ = {
			isa = PBXSourcesBuildPhase;
			buildActionMask = 2147483647;
			files = (
				7B5148D32075B42A00CB5706 /* CategoryViewController.swift in Sources */,
				7B5148D12075B42A00CB5706 /* AppDelegate.swift in Sources */,
				7BEFEC5B2076098C006098ED /* ContentCell.swift in Sources */,
				7B59BF61207C41B10053584C /* ColorSettings.swift in Sources */,
				7B3A8870207702030043D225 /* Item.swift in Sources */,
				7B59BF5F207C41950053584C /* AdSettings.swift in Sources */,
				7BEFEC5E20761E6D006098ED /* ContentViewController.swift in Sources */,
				7BEFEC59207607B1006098ED /* CategoryCell.swift in Sources */,
				7B43F172207B36DB00999B77 /* UIColor+Utils.swift in Sources */,
			);
			runOnlyForDeploymentPostprocessing = 0;
		};
/* End PBXSourcesBuildPhase section */

/* Begin PBXVariantGroup section */
		7B5148D42075B42A00CB5706 /* Main.storyboard */ = {
			isa = PBXVariantGroup;
			children = (
				7B5148D52075B42A00CB5706 /* Base */,
			);
			name = Main.storyboard;
			sourceTree = "<group>";
		};
		7B5148D92075B42A00CB5706 /* LaunchScreen.storyboard */ = {
			isa = PBXVariantGroup;
			children = (
				7B5148DA2075B42A00CB5706 /* Base */,
			);
			name = LaunchScreen.storyboard;
			sourceTree = "<group>";
		};
/* End PBXVariantGroup section */

/* Begin XCBuildConfiguration section */
		7B5148DD2075B42A00CB5706 /* Debug */ = {
			isa = XCBuildConfiguration;
			buildSettings = {
				ALWAYS_SEARCH_USER_PATHS = NO;
				CLANG_ANALYZER_NONNULL = YES;
				CLANG_ANALYZER_NUMBER_OBJECT_CONVERSION = YES_AGGRESSIVE;
				CLANG_CXX_LANGUAGE_STANDARD = "gnu++14";
				CLANG_CXX_LIBRARY = "libc++";
				CLANG_ENABLE_MODULES = YES;
				CLANG_ENABLE_OBJC_ARC = YES;
				CLANG_WARN_BLOCK_CAPTURE_AUTORELEASING = YES;
				CLANG_WARN_BOOL_CONVERSION = YES;
				CLANG_WARN_COMMA = YES;
				CLANG_WARN_CONSTANT_CONVERSION = YES;
				CLANG_WARN_DIRECT_OBJC_ISA_USAGE = YES_ERROR;
				CLANG_WARN_DOCUMENTATION_COMMENTS = YES;
				CLANG_WARN_EMPTY_BODY = YES;
				CLANG_WARN_ENUM_CONVERSION = YES;
				CLANG_WARN_INFINITE_RECURSION = YES;
				CLANG_WARN_INT_CONVERSION = YES;
				CLANG_WARN_NON_LITERAL_NULL_CONVERSION = YES;
				CLANG_WARN_OBJC_LITERAL_CONVERSION = YES;
				CLANG_WARN_OBJC_ROOT_CLASS = YES_ERROR;
				CLANG_WARN_RANGE_LOOP_ANALYSIS = YES;
				CLANG_WARN_STRICT_PROTOTYPES = YES;
				CLANG_WARN_SUSPICIOUS_MOVE = YES;
				CLANG_WARN_UNGUARDED_AVAILABILITY = YES_AGGRESSIVE;
				CLANG_WARN_UNREACHABLE_CODE = YES;
				CLANG_WARN__DUPLICATE_METHOD_MATCH = YES;
				CODE_SIGN_IDENTITY = "iPhone Developer";
				COPY_PHASE_STRIP = NO;
				DEBUG_INFORMATION_FORMAT = dwarf;
				ENABLE_STRICT_OBJC_MSGSEND = YES;
				ENABLE_TESTABILITY = YES;
				GCC_C_LANGUAGE_STANDARD = gnu11;
				GCC_DYNAMIC_NO_PIC = NO;
				GCC_NO_COMMON_BLOCKS = YES;
				GCC_OPTIMIZATION_LEVEL = 0;
				GCC_PREPROCESSOR_DEFINITIONS = (
					"DEBUG=1",
					"$(inherited)",
				);
				GCC_WARN_64_TO_32_BIT_CONVERSION = YES;
				GCC_WARN_ABOUT_RETURN_TYPE = YES_ERROR;
				GCC_WARN_UNDECLARED_SELECTOR = YES;
				GCC_WARN_UNINITIALIZED_AUTOS = YES_AGGRESSIVE;
				GCC_WARN_UNUSED_FUNCTION = YES;
				GCC_WARN_UNUSED_VARIABLE = YES;
				IPHONEOS_DEPLOYMENT_TARGET = 10.0;
				MTL_ENABLE_DEBUG_INFO = YES;
				ONLY_ACTIVE_ARCH = YES;
				SDKROOT = iphoneos;
				SWIFT_ACTIVE_COMPILATION_CONDITIONS = DEBUG;
				SWIFT_OPTIMIZATION_LEVEL = "-Onone";
			};
			name = Debug;
		};
		7B5148DE2075B42A00CB5706 /* Release */ = {
			isa = XCBuildConfiguration;
			buildSettings = {
				ALWAYS_SEARCH_USER_PATHS = NO;
				CLANG_ANALYZER_NONNULL = YES;
				CLANG_ANALYZER_NUMBER_OBJECT_CONVERSION = YES_AGGRESSIVE;
				CLANG_CXX_LANGUAGE_STANDARD = "gnu++14";
				CLANG_CXX_LIBRARY = "libc++";
				CLANG_ENABLE_MODULES = YES;
				CLANG_ENABLE_OBJC_ARC = YES;
				CLANG_WARN_BLOCK_CAPTURE_AUTORELEASING = YES;
				CLANG_WARN_BOOL_CONVERSION = YES;
				CLANG_WARN_COMMA = YES;
				CLANG_WARN_CONSTANT_CONVERSION = YES;
				CLANG_WARN_DIRECT_OBJC_ISA_USAGE = YES_ERROR;
				CLANG_WARN_DOCUMENTATION_COMMENTS = YES;
				CLANG_WARN_EMPTY_BODY = YES;
				CLANG_WARN_ENUM_CONVERSION = YES;
				CLANG_WARN_INFINITE_RECURSION = YES;
				CLANG_WARN_INT_CONVERSION = YES;
				CLANG_WARN_NON_LITERAL_NULL_CONVERSION = YES;
				CLANG_WARN_OBJC_LITERAL_CONVERSION = YES;
				CLANG_WARN_OBJC_ROOT_CLASS = YES_ERROR;
				CLANG_WARN_RANGE_LOOP_ANALYSIS = YES;
				CLANG_WARN_STRICT_PROTOTYPES = YES;
				CLANG_WARN_SUSPICIOUS_MOVE = YES;
				CLANG_WARN_UNGUARDED_AVAILABILITY = YES_AGGRESSIVE;
				CLANG_WARN_UNREACHABLE_CODE = YES;
				CLANG_WARN__DUPLICATE_METHOD_MATCH = YES;
				CODE_SIGN_IDENTITY = "iPhone Developer";
				COPY_PHASE_STRIP = NO;
				DEBUG_INFORMATION_FORMAT = "dwarf-with-dsym";
				ENABLE_NS_ASSERTIONS = NO;
				ENABLE_STRICT_OBJC_MSGSEND = YES;
				GCC_C_LANGUAGE_STANDARD = gnu11;
				GCC_NO_COMMON_BLOCKS = YES;
				GCC_WARN_64_TO_32_BIT_CONVERSION = YES;
				GCC_WARN_ABOUT_RETURN_TYPE = YES_ERROR;
				GCC_WARN_UNDECLARED_SELECTOR = YES;
				GCC_WARN_UNINITIALIZED_AUTOS = YES_AGGRESSIVE;
				GCC_WARN_UNUSED_FUNCTION = YES;
				GCC_WARN_UNUSED_VARIABLE = YES;
				IPHONEOS_DEPLOYMENT_TARGET = 10.0;
				MTL_ENABLE_DEBUG_INFO = NO;
				SDKROOT = iphoneos;
				SWIFT_OPTIMIZATION_LEVEL = "-Owholemodule";
				VALIDATE_PRODUCT = YES;
			};
			name = Release;
		};
		7B5148E02075B42A00CB5706 /* Debug */ = {
			isa = XCBuildConfiguration;
			baseConfigurationReference = DD455586C7BA6D9A6D14B5CE /* Pods-simpleCounter.debug.xcconfig */;
			buildSettings = {
				ASSETCATALOG_COMPILER_APPICON_NAME = AppIcon;
				"CODE_SIGN_IDENTITY[sdk=iphoneos*]" = "iPhone Developer";
				CODE_SIGN_STYLE = Manual;
				DEVELOPMENT_TEAM = "";
				INFOPLIST_FILE = simpleCounter/Info.plist;
				LD_RUNPATH_SEARCH_PATHS = "$(inherited) @executable_path/Frameworks";
				PRODUCT_BUNDLE_IDENTIFIER = org.masapp.simpleCounter;
				PRODUCT_NAME = "$(TARGET_NAME)";
				PROVISIONING_PROFILE_SPECIFIER = "";
				SWIFT_VERSION = 4.0;
				TARGETED_DEVICE_FAMILY = "1,2";
			};
			name = Debug;
		};
		7B5148E12075B42A00CB5706 /* Release */ = {
			isa = XCBuildConfiguration;
			baseConfigurationReference = CADF92D03050A6D294FA9571 /* Pods-simpleCounter.release.xcconfig */;
			buildSettings = {
				ASSETCATALOG_COMPILER_APPICON_NAME = AppIcon;
				"CODE_SIGN_IDENTITY[sdk=iphoneos*]" = "iPhone Distribution";
				CODE_SIGN_STYLE = Manual;
				DEVELOPMENT_TEAM = XV83PN95AE;
				INFOPLIST_FILE = simpleCounter/Info.plist;
				LD_RUNPATH_SEARCH_PATHS = "$(inherited) @executable_path/Frameworks";
				PRODUCT_BUNDLE_IDENTIFIER = org.masapp.simpleCounter;
				PRODUCT_NAME = "$(TARGET_NAME)";
				PROVISIONING_PROFILE = "33458865-cee1-4ad8-938f-54ee46ac2691";
				PROVISIONING_PROFILE_SPECIFIER = simpleCounter;
				SWIFT_VERSION = 4.0;
				TARGETED_DEVICE_FAMILY = "1,2";
			};
			name = Release;
		};
/* End XCBuildConfiguration section */

/* Begin XCConfigurationList section */
		7B5148C82075B42A00CB5706 /* Build configuration list for PBXProject "simpleCounter" */ = {
			isa = XCConfigurationList;
			buildConfigurations = (
				7B5148DD2075B42A00CB5706 /* Debug */,
				7B5148DE2075B42A00CB5706 /* Release */,
			);
			defaultConfigurationIsVisible = 0;
			defaultConfigurationName = Release;
		};
		7B5148DF2075B42A00CB5706 /* Build configuration list for PBXNativeTarget "simpleCounter" */ = {
			isa = XCConfigurationList;
			buildConfigurations = (
				7B5148E02075B42A00CB5706 /* Debug */,
				7B5148E12075B42A00CB5706 /* Release */,
			);
			defaultConfigurationIsVisible = 0;
			defaultConfigurationName = Release;
		};
/* End XCConfigurationList section */
	};
	rootObject = 7B5148C52075B42A00CB5706 /* Project object */;
}
